
Microsoft Visual Studio Solution File, Format Version 12.00
# Visual Studio 14
VisualStudioVersion = 14.0.25420.1
MinimumVisualStudioVersion = 10.0.40219.1
Project("{FAE04EC0-301F-11D3-BF4B-00C04F79EFBC}") = "Module13", "Module13\Module13.csproj", "{3D0A7BEA-346E-4F21-AA65-53857C5A1E0F}"
EndProject
Global
	GlobalSection(SolutionConfigurationPlatforms) = preSolution
		Debug|Any CPU = Debug|Any CPU
		Release|Any CPU = Release|Any CPU
	EndGlobalSection
	GlobalSection(ProjectConfigurationPlatforms) = postSolution
		{3D0A7BEA-346E-4F21-AA65-53857C5A1E0F}.Debug|Any CPU.ActiveCfg = Debug|Any CPU
		{3D0A7BEA-346E-4F21-AA65-53857C5A1E0F}.Debug|Any CPU.Build.0 = Debug|Any CPU
		{3D0A7BEA-346E-4F21-AA65-53857C5A1E0F}.Release|Any CPU.ActiveCfg = Release|Any CPU
		{3D0A7BEA-346E-4F21-AA65-53857C5A1E0F}.Release|Any CPU.Build.0 = Release|Any CPU
	EndGlobalSection
	GlobalSection(SolutionProperties) = preSolution
		HideSolutionNode = FALSE
	EndGlobalSection
EndGlobal
